
Microsoft Visual Studio Solution File, Format Version 12.00
# Visual Studio 14
VisualStudioVersion = 14.0.25420.1
MinimumVisualStudioVersion = 10.0.40219.1
Project("{FAE04EC0-301F-11D3-BF4B-00C04F79EFBC}") = "DisconnectedArchitecture", "DisconnectedArchitecture.csproj", "{EDFA66EA-538D-4FD5-82D7-92D0ADFF210D}"
EndProject
Global
	GlobalSection(SolutionConfigurationPlatforms) = preSolution
		Debug|Any CPU = Debug|Any CPU
		Release|Any CPU = Release|Any CPU
	EndGlobalSection
	GlobalSection(ProjectConfigurationPlatforms) = postSolution
		{EDFA66EA-538D-4FD5-82D7-92D0ADFF210D}.Debug|Any CPU.ActiveCfg = Debug|Any CPU
		{EDFA66EA-538D-4FD5-82D7-92D0ADFF210D}.Debug|Any CPU.Build.0 = Debug|Any CPU
		{EDFA66EA-538D-4FD5-82D7-92D0ADFF210D}.Release|Any CPU.ActiveCfg = Release|Any CPU
		{EDFA66EA-538D-4FD5-82D7-92D0ADFF210D}.Release|Any CPU.Build.0 = Release|Any CPU
	EndGlobalSection
	GlobalSection(SolutionProperties) = preSolution
		HideSolutionNode = FALSE
	EndGlobalSection
EndGlobal
